
Microsoft Visual Studio Solution File, Format Version 12.00
# Visual Studio Version 17
VisualStudioVersion = 17.5.002.0
MinimumVisualStudioVersion = 10.0.40219.1
Project("{9A19103F-16F7-4668-BE54-9A1E7A4F7556}") = "ToDoApp", "ToDoApp.csproj", "{CE676300-4D0A-47EE-B5B3-02FDABE0FB33}"
EndProject
Global
	GlobalSection(SolutionConfigurationPlatforms) = preSolution
		Debug|Any CPU = Debug|Any CPU
		Release|Any CPU = Release|Any CPU
	EndGlobalSection
	GlobalSection(ProjectConfigurationPlatforms) = postSolution
		{CE676300-4D0A-47EE-B5B3-02FDABE0FB33}.Debug|Any CPU.ActiveCfg = Debug|Any CPU
		{CE676300-4D0A-47EE-B5B3-02FDABE0FB33}.Debug|Any CPU.Build.0 = Debug|Any CPU
		{CE676300-4D0A-47EE-B5B3-02FDABE0FB33}.Release|Any CPU.ActiveCfg = Release|Any CPU
		{CE676300-4D0A-47EE-B5B3-02FDABE0FB33}.Release|Any CPU.Build.0 = Release|Any CPU
	EndGlobalSection
	GlobalSection(SolutionProperties) = preSolution
		HideSolutionNode = FALSE
	EndGlobalSection
	GlobalSection(ExtensibilityGlobals) = postSolution
		SolutionGuid = {09B8B55F-7627-4DCF-8238-B5FA2E49AB42}
	EndGlobalSection
EndGlobal
